
Microsoft Visual Studio Solution File, Format Version 12.00
# Visual Studio Version 16
VisualStudioVersion = 16.0.29418.71
MinimumVisualStudioVersion = 10.0.40219.1
Project("{FAE04EC0-301F-11D3-BF4B-00C04F79EFBC}") = "Example", "Example\Example.csproj", "{17EF0492-AEFA-4B89-AC67-E29065507A71}"
EndProject
Project("{FAE04EC0-301F-11D3-BF4B-00C04F79EFBC}") = "Task1", "Task1\Task1.csproj", "{80CD2788-BA94-4717-BAF0-28EDCD85C29A}"
EndProject
Project("{FAE04EC0-301F-11D3-BF4B-00C04F79EFBC}") = "Task2", "Task2\Task2.csproj", "{0227D186-0A2A-42A8-9B3E-E2ADD5C3500F}"
EndProject
Project("{FAE04EC0-301F-11D3-BF4B-00C04F79EFBC}") = "DemoResponsiveUi", "DemoResponsiveUi\DemoResponsiveUi.csproj", "{53056FB6-549C-4124-85E2-5D20AF06F340}"
EndProject
Project("{FAE04EC0-301F-11D3-BF4B-00C04F79EFBC}") = "ParametrizedThreadDemo", "ParametrizedThreadDemo\ParametrizedThreadDemo.csproj", "{548308D1-7DA1-4A17-B104-C6C488F758D1}"
EndProject
Project("{FAE04EC0-301F-11D3-BF4B-00C04F79EFBC}") = "AppDomainDemo", "AppDomainDemo\AppDomainDemo.csproj", "{10081173-4E0B-4C80-868B-639357AC34A6}"
EndProject
Project("{FAE04EC0-301F-11D3-BF4B-00C04F79EFBC}") = "ThreadStorage", "ThreadStorage\ThreadStorage.csproj", "{86A16EB6-0CB9-4717-B7FF-C4DD4E2E7F47}"
EndProject
Project("{FAE04EC0-301F-11D3-BF4B-00C04F79EFBC}") = "ThreadVolatile", "ThreadVolatile\ThreadVolatile.csproj", "{29C99035-5F7C-4460-BF63-DFCDDFF2CACF}"
EndProject
Project("{FAE04EC0-301F-11D3-BF4B-00C04F79EFBC}") = "ThreadAbort", "ThreadAbort\ThreadAbort.csproj", "{D02E8FE9-758D-4B3C-8823-D9B3BE13B1C1}"
EndProject
Project("{FAE04EC0-301F-11D3-BF4B-00C04F79EFBC}") = "ThreadBackground", "ThreadBackground\ThreadBackground.csproj", "{771A8D9F-6D85-4BF2-8FC2-B6519C2A36A6}"
EndProject
Project("{FAE04EC0-301F-11D3-BF4B-00C04F79EFBC}") = "Task3", "Task3\Task3.csproj", "{13682611-DADA-4F45-9314-861C5B9EE4BF}"
EndProject
Project("{FAE04EC0-301F-11D3-BF4B-00C04F79EFBC}") = "DiningPhilosopherTestat", "DiningPhilosopherTestat\DiningPhilosopherTestat.csproj", "{D0ABD6AE-4161-4CD2-8EEB-588C00599D69}"
EndProject
Project("{FAE04EC0-301F-11D3-BF4B-00C04F79EFBC}") = "WaitHandleExample", "WaitHandleExample\WaitHandleExample.csproj", "{1EC8AC7D-BF1D-40BC-9689-ABDB247E4EC8}"
EndProject
Project("{FAE04EC0-301F-11D3-BF4B-00C04F79EFBC}") = "MultithreadingAdd", "MultithreadingAdd\MultithreadingAdd.csproj", "{BA9DC607-1032-431B-80F6-9EE7F2D85CF2}"
EndProject
Project("{9A19103F-16F7-4668-BE54-9A1E7A4F7556}") = "ThreadPartitioningDemo", "ThreadPartitioningDemo\ThreadPartitioningDemo.csproj", "{FBEFED91-F460-4AE0-B017-7D72BF9DB8D5}"
EndProject
Project("{FAE04EC0-301F-11D3-BF4B-00C04F79EFBC}") = "BeginInvoke", "BeginInvoke\BeginInvoke.csproj", "{096F845D-5DC7-448F-8146-8A77A2140677}"
EndProject
Project("{9A19103F-16F7-4668-BE54-9A1E7A4F7556}") = "PeriodTickerTask", "PeriodTickerTask\PeriodTickerTask.csproj", "{218F57F9-856A-4E97-88F7-4F513F203BCB}"
EndProject
Project("{9A19103F-16F7-4668-BE54-9A1E7A4F7556}") = "ExceptionHandling", "ExceptionHandling\ExceptionHandling.csproj", "{8C0F30AC-ED50-41C5-B9BE-3EB7D6026EEE}"
EndProject
Project("{9A19103F-16F7-4668-BE54-9A1E7A4F7556}") = "AsyncParallelProgramming", "AsyncParallelProgramming\AsyncParallelProgramming.csproj", "{85A8106C-0726-4571-8EB1-AC8039DA62C5}"
EndProject
Project("{FAE04EC0-301F-11D3-BF4B-00C04F79EFBC}") = "TestUIThread", "TestUIThread\TestUIThread.csproj", "{81FCB30E-B930-46DF-95DA-3A44170389F8}"
EndProject
Project("{FAE04EC0-301F-11D3-BF4B-00C04F79EFBC}") = "Pitfall1", "Pitfall1\Pitfall1.csproj", "{40F92538-D199-4505-B865-A0BC32545F7F}"
EndProject
Project("{FAE04EC0-301F-11D3-BF4B-00C04F79EFBC}") = "Pitfall2", "Pitfall2\Pitfall2.csproj", "{B89AF1EE-F18F-4010-B633-674511B9788D}"
EndProject
Project("{FAE04EC0-301F-11D3-BF4B-00C04F79EFBC}") = "Pitfall3", "Pitfall3\Pitfall3.csproj", "{0CBCA0BB-679D-4B32-8B81-5ECC6D8F7006}"
EndProject
Project("{FAE04EC0-301F-11D3-BF4B-00C04F79EFBC}") = "Pitfall4", "Pitfall4\Pitfall4.csproj", "{2E436CCA-A2A9-47ED-AFB5-30B070F59E3A}"
EndProject
Project("{FAE04EC0-301F-11D3-BF4B-00C04F79EFBC}") = "Pitfall5", "Pitfall5\Pitfall5.csproj", "{0F02AD80-5DB9-4C23-B2F7-4DC25FF37D67}"
EndProject
Project("{FAE04EC0-301F-11D3-BF4B-00C04F79EFBC}") = "TcpClientTcpListener", "TcpClientTcpListener\TcpClientTcpListener.csproj", "{727CB8BC-74DF-4B4F-B61C-16799CB5B664}"
EndProject
Project("{FAE04EC0-301F-11D3-BF4B-00C04F79EFBC}") = "01_DemoDns", "DemoDns\01_DemoDns.csproj", "{79B72AEA-5792-426E-95FB-D9145F7D88EE}"
EndProject
Project("{FAE04EC0-301F-11D3-BF4B-00C04F79EFBC}") = "05_DemoHTTPGet", "DemoHTTPGet\05_DemoHTTPGet.csproj", "{AC98EC44-7849-4EDC-8722-5652194212FB}"
EndProject
Project("{FAE04EC0-301F-11D3-BF4B-00C04F79EFBC}") = "02_DemoSocketConnect", "DemoSocketConnect\02_DemoSocketConnect.csproj", "{9AF99A37-5933-4276-80EE-EAA3AAADBCA0}"
EndProject
Project("{FAE04EC0-301F-11D3-BF4B-00C04F79EFBC}") = "04_DemoTCPEchoClient", "DemoTCPEchoClient\04_DemoTCPEchoClient.csproj", "{C8DEFB68-F10F-4218-898A-8B539D0766C7}"
EndProject
Project("{FAE04EC0-301F-11D3-BF4B-00C04F79EFBC}") = "03_DemoTCPEchoServer", "DemoTCPEchoServer\03_DemoTCPEchoServer.csproj", "{0F7EC00B-DF2D-4F9E-A6CA-D60CDB3A89DD}"
EndProject
Project("{FAE04EC0-301F-11D3-BF4B-00C04F79EFBC}") = "06_DemoTCPEchoServerTcpListener", "DemoTCPEchoServerTcpListener\06_DemoTCPEchoServerTcpListener.csproj", "{0A4669B3-06EA-4FBE-ACCB-F7EA2EBD1383}"
EndProject
Project("{FAE04EC0-301F-11D3-BF4B-00C04F79EFBC}") = "08_DemoUDPReceiver", "DemoUDPReceiver\08_DemoUDPReceiver.csproj", "{7D5A9019-58D0-45E1-8646-3F5B13624BF0}"
EndProject
Project("{FAE04EC0-301F-11D3-BF4B-00C04F79EFBC}") = "07_DemoUDPSender", "DemoUDPSender\07_DemoUDPSender.csproj", "{3FF6D3D3-19E9-4919-8183-312067D8C716}"
EndProject
Project("{FAE04EC0-301F-11D3-BF4B-00C04F79EFBC}") = "UdpMulticast", "UdpMulticast\UdpMulticast.csproj", "{6B0A26A2-5B4A-4D01-993F-40794C519F6E}"
EndProject
Global
	GlobalSection(SolutionConfigurationPlatforms) = preSolution
		Debug|Any CPU = Debug|Any CPU
		Debug|x86 = Debug|x86
		Release|Any CPU = Release|Any CPU
		Release|x86 = Release|x86
	EndGlobalSection
	GlobalSection(ProjectConfigurationPlatforms) = postSolution
		{17EF0492-AEFA-4B89-AC67-E29065507A71}.Debug|Any CPU.ActiveCfg = Debug|Any CPU
		{17EF0492-AEFA-4B89-AC67-E29065507A71}.Debug|Any CPU.Build.0 = Debug|Any CPU
		{17EF0492-AEFA-4B89-AC67-E29065507A71}.Debug|x86.ActiveCfg = Debug|Any CPU
		{17EF0492-AEFA-4B89-AC67-E29065507A71}.Debug|x86.Build.0 = Debug|Any CPU
		{17EF0492-AEFA-4B89-AC67-E29065507A71}.Release|Any CPU.ActiveCfg = Release|Any CPU
		{17EF0492-AEFA-4B89-AC67-E29065507A71}.Release|Any CPU.Build.0 = Release|Any CPU
		{17EF0492-AEFA-4B89-AC67-E29065507A71}.Release|x86.ActiveCfg = Release|Any CPU
		{17EF0492-AEFA-4B89-AC67-E29065507A71}.Release|x86.Build.0 = Release|Any CPU
		{80CD2788-BA94-4717-BAF0-28EDCD85C29A}.Debug|Any CPU.ActiveCfg = Debug|Any CPU
		{80CD2788-BA94-4717-BAF0-28EDCD85C29A}.Debug|Any CPU.Build.0 = Debug|Any CPU
		{80CD2788-BA94-4717-BAF0-28EDCD85C29A}.Debug|x86.ActiveCfg = Debug|Any CPU
		{80CD2788-BA94-4717-BAF0-28EDCD85C29A}.Debug|x86.Build.0 = Debug|Any CPU
		{80CD2788-BA94-4717-BAF0-28EDCD85C29A}.Release|Any CPU.ActiveCfg = Release|Any CPU
		{80CD2788-BA94-4717-BAF0-28EDCD85C29A}.Release|Any CPU.Build.0 = Release|Any CPU
		{80CD2788-BA94-4717-BAF0-28EDCD85C29A}.Release|x86.ActiveCfg = Release|Any CPU
		{80CD2788-BA94-4717-BAF0-28EDCD85C29A}.Release|x86.Build.0 = Release|Any CPU
		{0227D186-0A2A-42A8-9B3E-E2ADD5C3500F}.Debug|Any CPU.ActiveCfg = Debug|Any CPU
		{0227D186-0A2A-42A8-9B3E-E2ADD5C3500F}.Debug|Any CPU.Build.0 = Debug|Any CPU
		{0227D186-0A2A-42A8-9B3E-E2ADD5C3500F}.Debug|x86.ActiveCfg = Debug|Any CPU
		{0227D186-0A2A-42A8-9B3E-E2ADD5C3500F}.Debug|x86.Build.0 = Debug|Any CPU
		{0227D186-0A2A-42A8-9B3E-E2ADD5C3500F}.Release|Any CPU.ActiveCfg = Release|Any CPU
		{0227D186-0A2A-42A8-9B3E-E2ADD5C3500F}.Release|Any CPU.Build.0 = Release|Any CPU
		{0227D186-0A2A-42A8-9B3E-E2ADD5C3500F}.Release|x86.ActiveCfg = Release|Any CPU
		{0227D186-0A2A-42A8-9B3E-E2ADD5C3500F}.Release|x86.Build.0 = Release|Any CPU
		{53056FB6-549C-4124-85E2-5D20AF06F340}.Debug|Any CPU.ActiveCfg = Debug|Any CPU
		{53056FB6-549C-4124-85E2-5D20AF06F340}.Debug|Any CPU.Build.0 = Debug|Any CPU
		{53056FB6-549C-4124-85E2-5D20AF06F340}.Debug|x86.ActiveCfg = Debug|Any CPU
		{53056FB6-549C-4124-85E2-5D20AF06F340}.Debug|x86.Build.0 = Debug|Any CPU
		{53056FB6-549C-4124-85E2-5D20AF06F340}.Release|Any CPU.ActiveCfg = Release|Any CPU
		{53056FB6-549C-4124-85E2-5D20AF06F340}.Release|Any CPU.Build.0 = Release|Any CPU
		{53056FB6-549C-4124-85E2-5D20AF06F340}.Release|x86.ActiveCfg = Release|Any CPU
		{53056FB6-549C-4124-85E2-5D20AF06F340}.Release|x86.Build.0 = Release|Any CPU
		{548308D1-7DA1-4A17-B104-C6C488F758D1}.Debug|Any CPU.ActiveCfg = Debug|Any CPU
		{548308D1-7DA1-4A17-B104-C6C488F758D1}.Debug|Any CPU.Build.0 = Debug|Any CPU
		{548308D1-7DA1-4A17-B104-C6C488F758D1}.Debug|x86.ActiveCfg = Debug|Any CPU
		{548308D1-7DA1-4A17-B104-C6C488F758D1}.Debug|x86.Build.0 = Debug|Any CPU
		{548308D1-7DA1-4A17-B104-C6C488F758D1}.Release|Any CPU.ActiveCfg = Release|Any CPU
		{548308D1-7DA1-4A17-B104-C6C488F758D1}.Release|Any CPU.Build.0 = Release|Any CPU
		{548308D1-7DA1-4A17-B104-C6C488F758D1}.Release|x86.ActiveCfg = Release|Any CPU
		{548308D1-7DA1-4A17-B104-C6C488F758D1}.Release|x86.Build.0 = Release|Any CPU
		{10081173-4E0B-4C80-868B-639357AC34A6}.Debug|Any CPU.ActiveCfg = Debug|Any CPU
		{10081173-4E0B-4C80-868B-639357AC34A6}.Debug|Any CPU.Build.0 = Debug|Any CPU
		{10081173-4E0B-4C80-868B-639357AC34A6}.Debug|x86.ActiveCfg = Debug|Any CPU
		{10081173-4E0B-4C80-868B-639357AC34A6}.Debug|x86.Build.0 = Debug|Any CPU
		{10081173-4E0B-4C80-868B-639357AC34A6}.Release|Any CPU.ActiveCfg = Release|Any CPU
		{10081173-4E0B-4C80-868B-639357AC34A6}.Release|Any CPU.Build.0 = Release|Any CPU
		{10081173-4E0B-4C80-868B-639357AC34A6}.Release|x86.ActiveCfg = Release|Any CPU
		{10081173-4E0B-4C80-868B-639357AC34A6}.Release|x86.Build.0 = Release|Any CPU
		{86A16EB6-0CB9-4717-B7FF-C4DD4E2E7F47}.Debug|Any CPU.ActiveCfg = Debug|Any CPU
		{86A16EB6-0CB9-4717-B7FF-C4DD4E2E7F47}.Debug|Any CPU.Build.0 = Debug|Any CPU
		{86A16EB6-0CB9-4717-B7FF-C4DD4E2E7F47}.Debug|x86.ActiveCfg = Debug|Any CPU
		{86A16EB6-0CB9-4717-B7FF-C4DD4E2E7F47}.Debug|x86.Build.0 = Debug|Any CPU
		{86A16EB6-0CB9-4717-B7FF-C4DD4E2E7F47}.Release|Any CPU.ActiveCfg = Release|Any CPU
		{86A16EB6-0CB9-4717-B7FF-C4DD4E2E7F47}.Release|Any CPU.Build.0 = Release|Any CPU
		{86A16EB6-0CB9-4717-B7FF-C4DD4E2E7F47}.Release|x86.ActiveCfg = Release|Any CPU
		{86A16EB6-0CB9-4717-B7FF-C4DD4E2E7F47}.Release|x86.Build.0 = Release|Any CPU
		{29C99035-5F7C-4460-BF63-DFCDDFF2CACF}.Debug|Any CPU.ActiveCfg = Debug|Any CPU
		{29C99035-5F7C-4460-BF63-DFCDDFF2CACF}.Debug|Any CPU.Build.0 = Debug|Any CPU
		{29C99035-5F7C-4460-BF63-DFCDDFF2CACF}.Debug|x86.ActiveCfg = Debug|Any CPU
		{29C99035-5F7C-4460-BF63-DFCDDFF2CACF}.Debug|x86.Build.0 = Debug|Any CPU
		{29C99035-5F7C-4460-BF63-DFCDDFF2CACF}.Release|Any CPU.ActiveCfg = Release|Any CPU
		{29C99035-5F7C-4460-BF63-DFCDDFF2CACF}.Release|Any CPU.Build.0 = Release|Any CPU
		{29C99035-5F7C-4460-BF63-DFCDDFF2CACF}.Release|x86.ActiveCfg = Release|Any CPU
		{29C99035-5F7C-4460-BF63-DFCDDFF2CACF}.Release|x86.Build.0 = Release|Any CPU
		{D02E8FE9-758D-4B3C-8823-D9B3BE13B1C1}.Debug|Any CPU.ActiveCfg = Debug|Any CPU
		{D02E8FE9-758D-4B3C-8823-D9B3BE13B1C1}.Debug|Any CPU.Build.0 = Debug|Any CPU
		{D02E8FE9-758D-4B3C-8823-D9B3BE13B1C1}.Debug|x86.ActiveCfg = Debug|Any CPU
		{D02E8FE9-758D-4B3C-8823-D9B3BE13B1C1}.Debug|x86.Build.0 = Debug|Any CPU
		{D02E8FE9-758D-4B3C-8823-D9B3BE13B1C1}.Release|Any CPU.ActiveCfg = Release|Any CPU
		{D02E8FE9-758D-4B3C-8823-D9B3BE13B1C1}.Release|Any CPU.Build.0 = Release|Any CPU
		{D02E8FE9-758D-4B3C-8823-D9B3BE13B1C1}.Release|x86.ActiveCfg = Release|Any CPU
		{D02E8FE9-758D-4B3C-8823-D9B3BE13B1C1}.Release|x86.Build.0 = Release|Any CPU
		{771A8D9F-6D85-4BF2-8FC2-B6519C2A36A6}.Debug|Any CPU.ActiveCfg = Debug|Any CPU
		{771A8D9F-6D85-4BF2-8FC2-B6519C2A36A6}.Debug|Any CPU.Build.0 = Debug|Any CPU
		{771A8D9F-6D85-4BF2-8FC2-B6519C2A36A6}.Debug|x86.ActiveCfg = Debug|Any CPU
		{771A8D9F-6D85-4BF2-8FC2-B6519C2A36A6}.Debug|x86.Build.0 = Debug|Any CPU
		{771A8D9F-6D85-4BF2-8FC2-B6519C2A36A6}.Release|Any CPU.ActiveCfg = Release|Any CPU
		{771A8D9F-6D85-4BF2-8FC2-B6519C2A36A6}.Release|Any CPU.Build.0 = Release|Any CPU
		{771A8D9F-6D85-4BF2-8FC2-B6519C2A36A6}.Release|x86.ActiveCfg = Release|Any CPU
		{771A8D9F-6D85-4BF2-8FC2-B6519C2A36A6}.Release|x86.Build.0 = Release|Any CPU
		{13682611-DADA-4F45-9314-861C5B9EE4BF}.Debug|Any CPU.ActiveCfg = Debug|Any CPU
		{13682611-DADA-4F45-9314-861C5B9EE4BF}.Debug|Any CPU.Build.0 = Debug|Any CPU
		{13682611-DADA-4F45-9314-861C5B9EE4BF}.Debug|x86.ActiveCfg = Debug|Any CPU
		{13682611-DADA-4F45-9314-861C5B9EE4BF}.Debug|x86.Build.0 = Debug|Any CPU
		{13682611-DADA-4F45-9314-861C5B9EE4BF}.Release|Any CPU.ActiveCfg = Release|Any CPU
		{13682611-DADA-4F45-9314-861C5B9EE4BF}.Release|Any CPU.Build.0 = Release|Any CPU
		{13682611-DADA-4F45-9314-861C5B9EE4BF}.Release|x86.ActiveCfg = Release|Any CPU
		{13682611-DADA-4F45-9314-861C5B9EE4BF}.Release|x86.Build.0 = Release|Any CPU
		{D0ABD6AE-4161-4CD2-8EEB-588C00599D69}.Debug|Any CPU.ActiveCfg = Debug|Any CPU
		{D0ABD6AE-4161-4CD2-8EEB-588C00599D69}.Debug|Any CPU.Build.0 = Debug|Any CPU
		{D0ABD6AE-4161-4CD2-8EEB-588C00599D69}.Debug|x86.ActiveCfg = Debug|Any CPU
		{D0ABD6AE-4161-4CD2-8EEB-588C00599D69}.Debug|x86.Build.0 = Debug|Any CPU
		{D0ABD6AE-4161-4CD2-8EEB-588C00599D69}.Release|Any CPU.ActiveCfg = Release|Any CPU
		{D0ABD6AE-4161-4CD2-8EEB-588C00599D69}.Release|Any CPU.Build.0 = Release|Any CPU
		{D0ABD6AE-4161-4CD2-8EEB-588C00599D69}.Release|x86.ActiveCfg = Release|Any CPU
		{D0ABD6AE-4161-4CD2-8EEB-588C00599D69}.Release|x86.Build.0 = Release|Any CPU
		{1EC8AC7D-BF1D-40BC-9689-ABDB247E4EC8}.Debug|Any CPU.ActiveCfg = Debug|Any CPU
		{1EC8AC7D-BF1D-40BC-9689-ABDB247E4EC8}.Debug|Any CPU.Build.0 = Debug|Any CPU
		{1EC8AC7D-BF1D-40BC-9689-ABDB247E4EC8}.Debug|x86.ActiveCfg = Debug|Any CPU
		{1EC8AC7D-BF1D-40BC-9689-ABDB247E4EC8}.Debug|x86.Build.0 = Debug|Any CPU
		{1EC8AC7D-BF1D-40BC-9689-ABDB247E4EC8}.Release|Any CPU.ActiveCfg = Release|Any CPU
		{1EC8AC7D-BF1D-40BC-9689-ABDB247E4EC8}.Release|Any CPU.Build.0 = Release|Any CPU
		{1EC8AC7D-BF1D-40BC-9689-ABDB247E4EC8}.Release|x86.ActiveCfg = Release|Any CPU
		{1EC8AC7D-BF1D-40BC-9689-ABDB247E4EC8}.Release|x86.Build.0 = Release|Any CPU
		{BA9DC607-1032-431B-80F6-9EE7F2D85CF2}.Debug|Any CPU.ActiveCfg = Debug|Any CPU
		{BA9DC607-1032-431B-80F6-9EE7F2D85CF2}.Debug|Any CPU.Build.0 = Debug|Any CPU
		{BA9DC607-1032-431B-80F6-9EE7F2D85CF2}.Debug|x86.ActiveCfg = Debug|Any CPU
		{BA9DC607-1032-431B-80F6-9EE7F2D85CF2}.Debug|x86.Build.0 = Debug|Any CPU
		{BA9DC607-1032-431B-80F6-9EE7F2D85CF2}.Release|Any CPU.ActiveCfg = Release|Any CPU
		{BA9DC607-1032-431B-80F6-9EE7F2D85CF2}.Release|Any CPU.Build.0 = Release|Any CPU
		{BA9DC607-1032-431B-80F6-9EE7F2D85CF2}.Release|x86.ActiveCfg = Release|Any CPU
		{BA9DC607-1032-431B-80F6-9EE7F2D85CF2}.Release|x86.Build.0 = Release|Any CPU
		{FBEFED91-F460-4AE0-B017-7D72BF9DB8D5}.Debug|Any CPU.ActiveCfg = Debug|Any CPU
		{FBEFED91-F460-4AE0-B017-7D72BF9DB8D5}.Debug|Any CPU.Build.0 = Debug|Any CPU
		{FBEFED91-F460-4AE0-B017-7D72BF9DB8D5}.Debug|x86.ActiveCfg = Debug|Any CPU
		{FBEFED91-F460-4AE0-B017-7D72BF9DB8D5}.Debug|x86.Build.0 = Debug|Any CPU
		{FBEFED91-F460-4AE0-B017-7D72BF9DB8D5}.Release|Any CPU.ActiveCfg = Release|Any CPU
		{FBEFED91-F460-4AE0-B017-7D72BF9DB8D5}.Release|Any CPU.Build.0 = Release|Any CPU
		{FBEFED91-F460-4AE0-B017-7D72BF9DB8D5}.Release|x86.ActiveCfg = Release|Any CPU
		{FBEFED91-F460-4AE0-B017-7D72BF9DB8D5}.Release|x86.Build.0 = Release|Any CPU
		{096F845D-5DC7-448F-8146-8A77A2140677}.Debug|Any CPU.ActiveCfg = Debug|Any CPU
		{096F845D-5DC7-448F-8146-8A77A2140677}.Debug|Any CPU.Build.0 = Debug|Any CPU
		{096F845D-5DC7-448F-8146-8A77A2140677}.Debug|x86.ActiveCfg = Debug|Any CPU
		{096F845D-5DC7-448F-8146-8A77A2140677}.Debug|x86.Build.0 = Debug|Any CPU
		{096F845D-5DC7-448F-8146-8A77A2140677}.Release|Any CPU.ActiveCfg = Release|Any CPU
		{096F845D-5DC7-448F-8146-8A77A2140677}.Release|Any CPU.Build.0 = Release|Any CPU
		{096F845D-5DC7-448F-8146-8A77A2140677}.Release|x86.ActiveCfg = Release|Any CPU
		{096F845D-5DC7-448F-8146-8A77A2140677}.Release|x86.Build.0 = Release|Any CPU
		{218F57F9-856A-4E97-88F7-4F513F203BCB}.Debug|Any CPU.ActiveCfg = Debug|Any CPU
		{218F57F9-856A-4E97-88F7-4F513F203BCB}.Debug|Any CPU.Build.0 = Debug|Any CPU
		{218F57F9-856A-4E97-88F7-4F513F203BCB}.Debug|x86.ActiveCfg = Debug|Any CPU
		{218F57F9-856A-4E97-88F7-4F513F203BCB}.Debug|x86.Build.0 = Debug|Any CPU
		{218F57F9-856A-4E97-88F7-4F513F203BCB}.Release|Any CPU.ActiveCfg = Release|Any CPU
		{218F57F9-856A-4E97-88F7-4F513F203BCB}.Release|Any CPU.Build.0 = Release|Any CPU
		{218F57F9-856A-4E97-88F7-4F513F203BCB}.Release|x86.ActiveCfg = Release|Any CPU
		{218F57F9-856A-4E97-88F7-4F513F203BCB}.Release|x86.Build.0 = Release|Any CPU
		{8C0F30AC-ED50-41C5-B9BE-3EB7D6026EEE}.Debug|Any CPU.ActiveCfg = Debug|Any CPU
		{8C0F30AC-ED50-41C5-B9BE-3EB7D6026EEE}.Debug|Any CPU.Build.0 = Debug|Any CPU
		{8C0F30AC-ED50-41C5-B9BE-3EB7D6026EEE}.Debug|x86.ActiveCfg = Debug|Any CPU
		{8C0F30AC-ED50-41C5-B9BE-3EB7D6026EEE}.Debug|x86.Build.0 = Debug|Any CPU
		{8C0F30AC-ED50-41C5-B9BE-3EB7D6026EEE}.Release|Any CPU.ActiveCfg = Release|Any CPU
		{8C0F30AC-ED50-41C5-B9BE-3EB7D6026EEE}.Release|Any CPU.Build.0 = Release|Any CPU
		{8C0F30AC-ED50-41C5-B9BE-3EB7D6026EEE}.Release|x86.ActiveCfg = Release|Any CPU
		{8C0F30AC-ED50-41C5-B9BE-3EB7D6026EEE}.Release|x86.Build.0 = Release|Any CPU
		{85A8106C-0726-4571-8EB1-AC8039DA62C5}.Debug|Any CPU.ActiveCfg = Debug|Any CPU
		{85A8106C-0726-4571-8EB1-AC8039DA62C5}.Debug|Any CPU.Build.0 = Debug|Any CPU
		{85A8106C-0726-4571-8EB1-AC8039DA62C5}.Debug|x86.ActiveCfg = Debug|Any CPU
		{85A8106C-0726-4571-8EB1-AC8039DA62C5}.Debug|x86.Build.0 = Debug|Any CPU
		{85A8106C-0726-4571-8EB1-AC8039DA62C5}.Release|Any CPU.ActiveCfg = Release|Any CPU
		{85A8106C-0726-4571-8EB1-AC8039DA62C5}.Release|Any CPU.Build.0 = Release|Any CPU
		{85A8106C-0726-4571-8EB1-AC8039DA62C5}.Release|x86.ActiveCfg = Release|Any CPU
		{85A8106C-0726-4571-8EB1-AC8039DA62C5}.Release|x86.Build.0 = Release|Any CPU
		{81FCB30E-B930-46DF-95DA-3A44170389F8}.Debug|Any CPU.ActiveCfg = Debug|Any CPU
		{81FCB30E-B930-46DF-95DA-3A44170389F8}.Debug|Any CPU.Build.0 = Debug|Any CPU
		{81FCB30E-B930-46DF-95DA-3A44170389F8}.Debug|x86.ActiveCfg = Debug|x86
		{81FCB30E-B930-46DF-95DA-3A44170389F8}.Debug|x86.Build.0 = Debug|x86
		{81FCB30E-B930-46DF-95DA-3A44170389F8}.Release|Any CPU.ActiveCfg = Release|Any CPU
		{81FCB30E-B930-46DF-95DA-3A44170389F8}.Release|Any CPU.Build.0 = Release|Any CPU
		{81FCB30E-B930-46DF-95DA-3A44170389F8}.Release|x86.ActiveCfg = Release|x86
		{81FCB30E-B930-46DF-95DA-3A44170389F8}.Release|x86.Build.0 = Release|x86
		{40F92538-D199-4505-B865-A0BC32545F7F}.Debug|Any CPU.ActiveCfg = Debug|Any CPU
		{40F92538-D199-4505-B865-A0BC32545F7F}.Debug|Any CPU.Build.0 = Debug|Any CPU
		{40F92538-D199-4505-B865-A0BC32545F7F}.Debug|x86.ActiveCfg = Debug|Any CPU
		{40F92538-D199-4505-B865-A0BC32545F7F}.Debug|x86.Build.0 = Debug|Any CPU
		{40F92538-D199-4505-B865-A0BC32545F7F}.Release|Any CPU.ActiveCfg = Release|Any CPU
		{40F92538-D199-4505-B865-A0BC32545F7F}.Release|Any CPU.Build.0 = Release|Any CPU
		{40F92538-D199-4505-B865-A0BC32545F7F}.Release|x86.ActiveCfg = Release|Any CPU
		{40F92538-D199-4505-B865-A0BC32545F7F}.Release|x86.Build.0 = Release|Any CPU
		{B89AF1EE-F18F-4010-B633-674511B9788D}.Debug|Any CPU.ActiveCfg = Debug|Any CPU
		{B89AF1EE-F18F-4010-B633-674511B9788D}.Debug|Any CPU.Build.0 = Debug|Any CPU
		{B89AF1EE-F18F-4010-B633-674511B9788D}.Debug|x86.ActiveCfg = Debug|Any CPU
		{B89AF1EE-F18F-4010-B633-674511B9788D}.Debug|x86.Build.0 = Debug|Any CPU
		{B89AF1EE-F18F-4010-B633-674511B9788D}.Release|Any CPU.ActiveCfg = Release|Any CPU
		{B89AF1EE-F18F-4010-B633-674511B9788D}.Release|Any CPU.Build.0 = Release|Any CPU
		{B89AF1EE-F18F-4010-B633-674511B9788D}.Release|x86.ActiveCfg = Release|Any CPU
		{B89AF1EE-F18F-4010-B633-674511B9788D}.Release|x86.Build.0 = Release|Any CPU
		{0CBCA0BB-679D-4B32-8B81-5ECC6D8F7006}.Debug|Any CPU.ActiveCfg = Debug|Any CPU
		{0CBCA0BB-679D-4B32-8B81-5ECC6D8F7006}.Debug|Any CPU.Build.0 = Debug|Any CPU
		{0CBCA0BB-679D-4B32-8B81-5ECC6D8F7006}.Debug|x86.ActiveCfg = Debug|Any CPU
		{0CBCA0BB-679D-4B32-8B81-5ECC6D8F7006}.Debug|x86.Build.0 = Debug|Any CPU
		{0CBCA0BB-679D-4B32-8B81-5ECC6D8F7006}.Release|Any CPU.ActiveCfg = Release|Any CPU
		{0CBCA0BB-679D-4B32-8B81-5ECC6D8F7006}.Release|Any CPU.Build.0 = Release|Any CPU
		{0CBCA0BB-679D-4B32-8B81-5ECC6D8F7006}.Release|x86.ActiveCfg = Release|Any CPU
		{0CBCA0BB-679D-4B32-8B81-5ECC6D8F7006}.Release|x86.Build.0 = Release|Any CPU
		{2E436CCA-A2A9-47ED-AFB5-30B070F59E3A}.Debug|Any CPU.ActiveCfg = Debug|Any CPU
		{2E436CCA-A2A9-47ED-AFB5-30B070F59E3A}.Debug|Any CPU.Build.0 = Debug|Any CPU
		{2E436CCA-A2A9-47ED-AFB5-30B070F59E3A}.Debug|x86.ActiveCfg = Debug|Any CPU
		{2E436CCA-A2A9-47ED-AFB5-30B070F59E3A}.Debug|x86.Build.0 = Debug|Any CPU
		{2E436CCA-A2A9-47ED-AFB5-30B070F59E3A}.Release|Any CPU.ActiveCfg = Release|Any CPU
		{2E436CCA-A2A9-47ED-AFB5-30B070F59E3A}.Release|Any CPU.Build.0 = Release|Any CPU
		{2E436CCA-A2A9-47ED-AFB5-30B070F59E3A}.Release|x86.ActiveCfg = Release|Any CPU
		{2E436CCA-A2A9-47ED-AFB5-30B070F59E3A}.Release|x86.Build.0 = Release|Any CPU
		{0F02AD80-5DB9-4C23-B2F7-4DC25FF37D67}.Debug|Any CPU.ActiveCfg = Debug|Any CPU
		{0F02AD80-5DB9-4C23-B2F7-4DC25FF37D67}.Debug|Any CPU.Build.0 = Debug|Any CPU
		{0F02AD80-5DB9-4C23-B2F7-4DC25FF37D67}.Debug|x86.ActiveCfg = Debug|Any CPU
		{0F02AD80-5DB9-4C23-B2F7-4DC25FF37D67}.Debug|x86.Build.0 = Debug|Any CPU
		{0F02AD80-5DB9-4C23-B2F7-4DC25FF37D67}.Release|Any CPU.ActiveCfg = Release|Any CPU
		{0F02AD80-5DB9-4C23-B2F7-4DC25FF37D67}.Release|Any CPU.Build.0 = Release|Any CPU
		{0F02AD80-5DB9-4C23-B2F7-4DC25FF37D67}.Release|x86.ActiveCfg = Release|Any CPU
		{0F02AD80-5DB9-4C23-B2F7-4DC25FF37D67}.Release|x86.Build.0 = Release|Any CPU
		{727CB8BC-74DF-4B4F-B61C-16799CB5B664}.Debug|Any CPU.ActiveCfg = Debug|Any CPU
		{727CB8BC-74DF-4B4F-B61C-16799CB5B664}.Debug|Any CPU.Build.0 = Debug|Any CPU
		{727CB8BC-74DF-4B4F-B61C-16799CB5B664}.Debug|x86.ActiveCfg = Debug|Any CPU
		{727CB8BC-74DF-4B4F-B61C-16799CB5B664}.Debug|x86.Build.0 = Debug|Any CPU
		{727CB8BC-74DF-4B4F-B61C-16799CB5B664}.Release|Any CPU.ActiveCfg = Release|Any CPU
		{727CB8BC-74DF-4B4F-B61C-16799CB5B664}.Release|Any CPU.Build.0 = Release|Any CPU
		{727CB8BC-74DF-4B4F-B61C-16799CB5B664}.Release|x86.ActiveCfg = Release|Any CPU
		{727CB8BC-74DF-4B4F-B61C-16799CB5B664}.Release|x86.Build.0 = Release|Any CPU
		{79B72AEA-5792-426E-95FB-D9145F7D88EE}.Debug|Any CPU.ActiveCfg = Debug|Any CPU
		{79B72AEA-5792-426E-95FB-D9145F7D88EE}.Debug|Any CPU.Build.0 = Debug|Any CPU
		{79B72AEA-5792-426E-95FB-D9145F7D88EE}.Debug|x86.ActiveCfg = Debug|Any CPU
		{79B72AEA-5792-426E-95FB-D9145F7D88EE}.Debug|x86.Build.0 = Debug|Any CPU
		{79B72AEA-5792-426E-95FB-D9145F7D88EE}.Release|Any CPU.ActiveCfg = Release|Any CPU
		{79B72AEA-5792-426E-95FB-D9145F7D88EE}.Release|Any CPU.Build.0 = Release|Any CPU
		{79B72AEA-5792-426E-95FB-D9145F7D88EE}.Release|x86.ActiveCfg = Release|Any CPU
		{79B72AEA-5792-426E-95FB-D9145F7D88EE}.Release|x86.Build.0 = Release|Any CPU
		{AC98EC44-7849-4EDC-8722-5652194212FB}.Debug|Any CPU.ActiveCfg = Debug|Any CPU
		{AC98EC44-7849-4EDC-8722-5652194212FB}.Debug|Any CPU.Build.0 = Debug|Any CPU
		{AC98EC44-7849-4EDC-8722-5652194212FB}.Debug|x86.ActiveCfg = Debug|Any CPU
		{AC98EC44-7849-4EDC-8722-5652194212FB}.Debug|x86.Build.0 = Debug|Any CPU
		{AC98EC44-7849-4EDC-8722-5652194212FB}.Release|Any CPU.ActiveCfg = Release|Any CPU
		{AC98EC44-7849-4EDC-8722-5652194212FB}.Release|Any CPU.Build.0 = Release|Any CPU
		{AC98EC44-7849-4EDC-8722-5652194212FB}.Release|x86.ActiveCfg = Release|Any CPU
		{AC98EC44-7849-4EDC-8722-5652194212FB}.Release|x86.Build.0 = Release|Any CPU
		{9AF99A37-5933-4276-80EE-EAA3AAADBCA0}.Debug|Any CPU.ActiveCfg = Debug|Any CPU
		{9AF99A37-5933-4276-80EE-EAA3AAADBCA0}.Debug|Any CPU.Build.0 = Debug|Any CPU
		{9AF99A37-5933-4276-80EE-EAA3AAADBCA0}.Debug|x86.ActiveCfg = Debug|Any CPU
		{9AF99A37-5933-4276-80EE-EAA3AAADBCA0}.Debug|x86.Build.0 = Debug|Any CPU
		{9AF99A37-5933-4276-80EE-EAA3AAADBCA0}.Release|Any CPU.ActiveCfg = Release|Any CPU
		{9AF99A37-5933-4276-80EE-EAA3AAADBCA0}.Release|Any CPU.Build.0 = Release|Any CPU
		{9AF99A37-5933-4276-80EE-EAA3AAADBCA0}.Release|x86.ActiveCfg = Release|Any CPU
		{9AF99A37-5933-4276-80EE-EAA3AAADBCA0}.Release|x86.Build.0 = Release|Any CPU
		{C8DEFB68-F10F-4218-898A-8B539D0766C7}.Debug|Any CPU.ActiveCfg = Debug|Any CPU
		{C8DEFB68-F10F-4218-898A-8B539D0766C7}.Debug|Any CPU.Build.0 = Debug|Any CPU
		{C8DEFB68-F10F-4218-898A-8B539D0766C7}.Debug|x86.ActiveCfg = Debug|Any CPU
		{C8DEFB68-F10F-4218-898A-8B539D0766C7}.Debug|x86.Build.0 = Debug|Any CPU
		{C8DEFB68-F10F-4218-898A-8B539D0766C7}.Release|Any CPU.ActiveCfg = Release|Any CPU
		{C8DEFB68-F10F-4218-898A-8B539D0766C7}.Release|Any CPU.Build.0 = Release|Any CPU
		{C8DEFB68-F10F-4218-898A-8B539D0766C7}.Release|x86.ActiveCfg = Release|Any CPU
		{C8DEFB68-F10F-4218-898A-8B539D0766C7}.Release|x86.Build.0 = Release|Any CPU
		{0F7EC00B-DF2D-4F9E-A6CA-D60CDB3A89DD}.Debug|Any CPU.ActiveCfg = Debug|Any CPU
		{0F7EC00B-DF2D-4F9E-A6CA-D60CDB3A89DD}.Debug|Any CPU.Build.0 = Debug|Any CPU
		{0F7EC00B-DF2D-4F9E-A6CA-D60CDB3A89DD}.Debug|x86.ActiveCfg = Debug|Any CPU
		{0F7EC00B-DF2D-4F9E-A6CA-D60CDB3A89DD}.Debug|x86.Build.0 = Debug|Any CPU
		{0F7EC00B-DF2D-4F9E-A6CA-D60CDB3A89DD}.Release|Any CPU.ActiveCfg = Release|Any CPU
		{0F7EC00B-DF2D-4F9E-A6CA-D60CDB3A89DD}.Release|Any CPU.Build.0 = Release|Any CPU
		{0F7EC00B-DF2D-4F9E-A6CA-D60CDB3A89DD}.Release|x86.ActiveCfg = Release|Any CPU
		{0F7EC00B-DF2D-4F9E-A6CA-D60CDB3A89DD}.Release|x86.Build.0 = Release|Any CPU
		{0A4669B3-06EA-4FBE-ACCB-F7EA2EBD1383}.Debug|Any CPU.ActiveCfg = Debug|Any CPU
		{0A4669B3-06EA-4FBE-ACCB-F7EA2EBD1383}.Debug|Any CPU.Build.0 = Debug|Any CPU
		{0A4669B3-06EA-4FBE-ACCB-F7EA2EBD1383}.Debug|x86.ActiveCfg = Debug|Any CPU
		{0A4669B3-06EA-4FBE-ACCB-F7EA2EBD1383}.Debug|x86.Build.0 = Debug|Any CPU
		{0A4669B3-06EA-4FBE-ACCB-F7EA2EBD1383}.Release|Any CPU.ActiveCfg = Release|Any CPU
		{0A4669B3-06EA-4FBE-ACCB-F7EA2EBD1383}.Release|Any CPU.Build.0 = Release|Any CPU
		{0A4669B3-06EA-4FBE-ACCB-F7EA2EBD1383}.Release|x86.ActiveCfg = Release|Any CPU
		{0A4669B3-06EA-4FBE-ACCB-F7EA2EBD1383}.Release|x86.Build.0 = Release|Any CPU
		{7D5A9019-58D0-45E1-8646-3F5B13624BF0}.Debug|Any CPU.ActiveCfg = Debug|Any CPU
		{7D5A9019-58D0-45E1-8646-3F5B13624BF0}.Debug|Any CPU.Build.0 = Debug|Any CPU
		{7D5A9019-58D0-45E1-8646-3F5B13624BF0}.Debug|x86.ActiveCfg = Debug|Any CPU
		{7D5A9019-58D0-45E1-8646-3F5B13624BF0}.Debug|x86.Build.0 = Debug|Any CPU
		{7D5A9019-58D0-45E1-8646-3F5B13624BF0}.Release|Any CPU.ActiveCfg = Release|Any CPU
		{7D5A9019-58D0-45E1-8646-3F5B13624BF0}.Release|Any CPU.Build.0 = Release|Any CPU
		{7D5A9019-58D0-45E1-8646-3F5B13624BF0}.Release|x86.ActiveCfg = Release|Any CPU
		{7D5A9019-58D0-45E1-8646-3F5B13624BF0}.Release|x86.Build.0 = Release|Any CPU
		{3FF6D3D3-19E9-4919-8183-312067D8C716}.Debug|Any CPU.ActiveCfg = Debug|Any CPU
		{3FF6D3D3-19E9-4919-8183-312067D8C716}.Debug|Any CPU.Build.0 = Debug|Any CPU
		{3FF6D3D3-19E9-4919-8183-312067D8C716}.Debug|x86.ActiveCfg = Debug|Any CPU
		{3FF6D3D3-19E9-4919-8183-312067D8C716}.Debug|x86.Build.0 = Debug|Any CPU
		{3FF6D3D3-19E9-4919-8183-312067D8C716}.Release|Any CPU.ActiveCfg = Release|Any CPU
		{3FF6D3D3-19E9-4919-8183-312067D8C716}.Release|Any CPU.Build.0 = Release|Any CPU
		{3FF6D3D3-19E9-4919-8183-312067D8C716}.Release|x86.ActiveCfg = Release|Any CPU
		{3FF6D3D3-19E9-4919-8183-312067D8C716}.Release|x86.Build.0 = Release|Any CPU
		{6B0A26A2-5B4A-4D01-993F-40794C519F6E}.Debug|Any CPU.ActiveCfg = Debug|Any CPU
		{6B0A26A2-5B4A-4D01-993F-40794C519F6E}.Debug|Any CPU.Build.0 = Debug|Any CPU
		{6B0A26A2-5B4A-4D01-993F-40794C519F6E}.Debug|x86.ActiveCfg = Debug|Any CPU
		{6B0A26A2-5B4A-4D01-993F-40794C519F6E}.Debug|x86.Build.0 = Debug|Any CPU
		{6B0A26A2-5B4A-4D01-993F-40794C519F6E}.Release|Any CPU.ActiveCfg = Release|Any CPU
		{6B0A26A2-5B4A-4D01-993F-40794C519F6E}.Release|Any CPU.Build.0 = Release|Any CPU
		{6B0A26A2-5B4A-4D01-993F-40794C519F6E}.Release|x86.ActiveCfg = Release|Any CPU
		{6B0A26A2-5B4A-4D01-993F-40794C519F6E}.Release|x86.Build.0 = Release|Any CPU
	EndGlobalSection
	GlobalSection(SolutionProperties) = preSolution
		HideSolutionNode = FALSE
	EndGlobalSection
	GlobalSection(ExtensibilityGlobals) = postSolution
		SolutionGuid = {960E1246-C730-4072-B4B5-7834A5F7BB08}
	EndGlobalSection
EndGlobal
