
Microsoft Visual Studio Solution File, Format Version 12.00
# Visual Studio Version 16
VisualStudioVersion = 16.0.29418.71
MinimumVisualStudioVersion = 10.0.40219.1
Project("{FAE04EC0-301F-11D3-BF4B-00C04F79EFBC}") = "Example", "Example\Example.csproj", "{17EF0492-AEFA-4B89-AC67-E29065507A71}"
EndProject
Project("{FAE04EC0-301F-11D3-BF4B-00C04F79EFBC}") = "Task1", "Task1\Task1.csproj", "{80CD2788-BA94-4717-BAF0-28EDCD85C29A}"
EndProject
Project("{FAE04EC0-301F-11D3-BF4B-00C04F79EFBC}") = "Task2", "Task2\Task2.csproj", "{0227D186-0A2A-42A8-9B3E-E2ADD5C3500F}"
EndProject
Project("{FAE04EC0-301F-11D3-BF4B-00C04F79EFBC}") = "DemoResponsiveUi", "DemoResponsiveUi\DemoResponsiveUi.csproj", "{53056FB6-549C-4124-85E2-5D20AF06F340}"
EndProject
Project("{FAE04EC0-301F-11D3-BF4B-00C04F79EFBC}") = "ParametrizedThreadDemo", "ParametrizedThreadDemo\ParametrizedThreadDemo.csproj", "{548308D1-7DA1-4A17-B104-C6C488F758D1}"
EndProject
Project("{FAE04EC0-301F-11D3-BF4B-00C04F79EFBC}") = "AppDomainDemo", "AppDomainDemo\AppDomainDemo.csproj", "{10081173-4E0B-4C80-868B-639357AC34A6}"
EndProject
Project("{FAE04EC0-301F-11D3-BF4B-00C04F79EFBC}") = "ThreadStorage", "ThreadStorage\ThreadStorage.csproj", "{86A16EB6-0CB9-4717-B7FF-C4DD4E2E7F47}"
EndProject
Project("{FAE04EC0-301F-11D3-BF4B-00C04F79EFBC}") = "ThreadVolatile", "ThreadVolatile\ThreadVolatile.csproj", "{29C99035-5F7C-4460-BF63-DFCDDFF2CACF}"
EndProject
Project("{FAE04EC0-301F-11D3-BF4B-00C04F79EFBC}") = "ThreadAbort", "ThreadAbort\ThreadAbort.csproj", "{D02E8FE9-758D-4B3C-8823-D9B3BE13B1C1}"
EndProject
Project("{FAE04EC0-301F-11D3-BF4B-00C04F79EFBC}") = "ThreadBackground", "ThreadBackground\ThreadBackground.csproj", "{771A8D9F-6D85-4BF2-8FC2-B6519C2A36A6}"
EndProject
Project("{FAE04EC0-301F-11D3-BF4B-00C04F79EFBC}") = "Task3", "Task3\Task3.csproj", "{13682611-DADA-4F45-9314-861C5B9EE4BF}"
EndProject
Project("{FAE04EC0-301F-11D3-BF4B-00C04F79EFBC}") = "DiningPhilosopherTestat", "DiningPhilosopherTestat\DiningPhilosopherTestat.csproj", "{D0ABD6AE-4161-4CD2-8EEB-588C00599D69}"
EndProject
Project("{FAE04EC0-301F-11D3-BF4B-00C04F79EFBC}") = "WaitHandleExample", "WaitHandleExample\WaitHandleExample.csproj", "{1EC8AC7D-BF1D-40BC-9689-ABDB247E4EC8}"
EndProject
Project("{FAE04EC0-301F-11D3-BF4B-00C04F79EFBC}") = "MultithreadingAdd", "MultithreadingAdd\MultithreadingAdd.csproj", "{BA9DC607-1032-431B-80F6-9EE7F2D85CF2}"
EndProject
Project("{9A19103F-16F7-4668-BE54-9A1E7A4F7556}") = "ThreadPartitioningDemo", "ThreadPartitioningDemo\ThreadPartitioningDemo.csproj", "{FBEFED91-F460-4AE0-B017-7D72BF9DB8D5}"
EndProject
Project("{FAE04EC0-301F-11D3-BF4B-00C04F79EFBC}") = "BeginInvoke", "BeginInvoke\BeginInvoke.csproj", "{096F845D-5DC7-448F-8146-8A77A2140677}"
EndProject
Project("{9A19103F-16F7-4668-BE54-9A1E7A4F7556}") = "PeriodTickerTask", "PeriodTickerTask\PeriodTickerTask.csproj", "{218F57F9-856A-4E97-88F7-4F513F203BCB}"
EndProject
Project("{FAE04EC0-301F-11D3-BF4B-00C04F79EFBC}") = "ExceptionHandling", "ExceptionHandling\ExceptionHandling.csproj", "{8C0F30AC-ED50-41C5-B9BE-3EB7D6026EEE}"
EndProject
Global
	GlobalSection(SolutionConfigurationPlatforms) = preSolution
		Debug|Any CPU = Debug|Any CPU
		Release|Any CPU = Release|Any CPU
	EndGlobalSection
	GlobalSection(ProjectConfigurationPlatforms) = postSolution
		{17EF0492-AEFA-4B89-AC67-E29065507A71}.Debug|Any CPU.ActiveCfg = Debug|Any CPU
		{17EF0492-AEFA-4B89-AC67-E29065507A71}.Debug|Any CPU.Build.0 = Debug|Any CPU
		{17EF0492-AEFA-4B89-AC67-E29065507A71}.Release|Any CPU.ActiveCfg = Release|Any CPU
		{17EF0492-AEFA-4B89-AC67-E29065507A71}.Release|Any CPU.Build.0 = Release|Any CPU
		{80CD2788-BA94-4717-BAF0-28EDCD85C29A}.Debug|Any CPU.ActiveCfg = Debug|Any CPU
		{80CD2788-BA94-4717-BAF0-28EDCD85C29A}.Debug|Any CPU.Build.0 = Debug|Any CPU
		{80CD2788-BA94-4717-BAF0-28EDCD85C29A}.Release|Any CPU.ActiveCfg = Release|Any CPU
		{80CD2788-BA94-4717-BAF0-28EDCD85C29A}.Release|Any CPU.Build.0 = Release|Any CPU
		{0227D186-0A2A-42A8-9B3E-E2ADD5C3500F}.Debug|Any CPU.ActiveCfg = Debug|Any CPU
		{0227D186-0A2A-42A8-9B3E-E2ADD5C3500F}.Debug|Any CPU.Build.0 = Debug|Any CPU
		{0227D186-0A2A-42A8-9B3E-E2ADD5C3500F}.Release|Any CPU.ActiveCfg = Release|Any CPU
		{0227D186-0A2A-42A8-9B3E-E2ADD5C3500F}.Release|Any CPU.Build.0 = Release|Any CPU
		{53056FB6-549C-4124-85E2-5D20AF06F340}.Debug|Any CPU.ActiveCfg = Debug|Any CPU
		{53056FB6-549C-4124-85E2-5D20AF06F340}.Debug|Any CPU.Build.0 = Debug|Any CPU
		{53056FB6-549C-4124-85E2-5D20AF06F340}.Release|Any CPU.ActiveCfg = Release|Any CPU
		{53056FB6-549C-4124-85E2-5D20AF06F340}.Release|Any CPU.Build.0 = Release|Any CPU
		{548308D1-7DA1-4A17-B104-C6C488F758D1}.Debug|Any CPU.ActiveCfg = Debug|Any CPU
		{548308D1-7DA1-4A17-B104-C6C488F758D1}.Debug|Any CPU.Build.0 = Debug|Any CPU
		{548308D1-7DA1-4A17-B104-C6C488F758D1}.Release|Any CPU.ActiveCfg = Release|Any CPU
		{548308D1-7DA1-4A17-B104-C6C488F758D1}.Release|Any CPU.Build.0 = Release|Any CPU
		{10081173-4E0B-4C80-868B-639357AC34A6}.Debug|Any CPU.ActiveCfg = Debug|Any CPU
		{10081173-4E0B-4C80-868B-639357AC34A6}.Debug|Any CPU.Build.0 = Debug|Any CPU
		{10081173-4E0B-4C80-868B-639357AC34A6}.Release|Any CPU.ActiveCfg = Release|Any CPU
		{10081173-4E0B-4C80-868B-639357AC34A6}.Release|Any CPU.Build.0 = Release|Any CPU
		{86A16EB6-0CB9-4717-B7FF-C4DD4E2E7F47}.Debug|Any CPU.ActiveCfg = Debug|Any CPU
		{86A16EB6-0CB9-4717-B7FF-C4DD4E2E7F47}.Debug|Any CPU.Build.0 = Debug|Any CPU
		{86A16EB6-0CB9-4717-B7FF-C4DD4E2E7F47}.Release|Any CPU.ActiveCfg = Release|Any CPU
		{86A16EB6-0CB9-4717-B7FF-C4DD4E2E7F47}.Release|Any CPU.Build.0 = Release|Any CPU
		{29C99035-5F7C-4460-BF63-DFCDDFF2CACF}.Debug|Any CPU.ActiveCfg = Debug|Any CPU
		{29C99035-5F7C-4460-BF63-DFCDDFF2CACF}.Debug|Any CPU.Build.0 = Debug|Any CPU
		{29C99035-5F7C-4460-BF63-DFCDDFF2CACF}.Release|Any CPU.ActiveCfg = Release|Any CPU
		{29C99035-5F7C-4460-BF63-DFCDDFF2CACF}.Release|Any CPU.Build.0 = Release|Any CPU
		{D02E8FE9-758D-4B3C-8823-D9B3BE13B1C1}.Debug|Any CPU.ActiveCfg = Debug|Any CPU
		{D02E8FE9-758D-4B3C-8823-D9B3BE13B1C1}.Debug|Any CPU.Build.0 = Debug|Any CPU
		{D02E8FE9-758D-4B3C-8823-D9B3BE13B1C1}.Release|Any CPU.ActiveCfg = Release|Any CPU
		{D02E8FE9-758D-4B3C-8823-D9B3BE13B1C1}.Release|Any CPU.Build.0 = Release|Any CPU
		{771A8D9F-6D85-4BF2-8FC2-B6519C2A36A6}.Debug|Any CPU.ActiveCfg = Debug|Any CPU
		{771A8D9F-6D85-4BF2-8FC2-B6519C2A36A6}.Debug|Any CPU.Build.0 = Debug|Any CPU
		{771A8D9F-6D85-4BF2-8FC2-B6519C2A36A6}.Release|Any CPU.ActiveCfg = Release|Any CPU
		{771A8D9F-6D85-4BF2-8FC2-B6519C2A36A6}.Release|Any CPU.Build.0 = Release|Any CPU
		{13682611-DADA-4F45-9314-861C5B9EE4BF}.Debug|Any CPU.ActiveCfg = Debug|Any CPU
		{13682611-DADA-4F45-9314-861C5B9EE4BF}.Debug|Any CPU.Build.0 = Debug|Any CPU
		{13682611-DADA-4F45-9314-861C5B9EE4BF}.Release|Any CPU.ActiveCfg = Release|Any CPU
		{13682611-DADA-4F45-9314-861C5B9EE4BF}.Release|Any CPU.Build.0 = Release|Any CPU
		{D0ABD6AE-4161-4CD2-8EEB-588C00599D69}.Debug|Any CPU.ActiveCfg = Debug|Any CPU
		{D0ABD6AE-4161-4CD2-8EEB-588C00599D69}.Debug|Any CPU.Build.0 = Debug|Any CPU
		{D0ABD6AE-4161-4CD2-8EEB-588C00599D69}.Release|Any CPU.ActiveCfg = Release|Any CPU
		{D0ABD6AE-4161-4CD2-8EEB-588C00599D69}.Release|Any CPU.Build.0 = Release|Any CPU
		{1EC8AC7D-BF1D-40BC-9689-ABDB247E4EC8}.Debug|Any CPU.ActiveCfg = Debug|Any CPU
		{1EC8AC7D-BF1D-40BC-9689-ABDB247E4EC8}.Debug|Any CPU.Build.0 = Debug|Any CPU
		{1EC8AC7D-BF1D-40BC-9689-ABDB247E4EC8}.Release|Any CPU.ActiveCfg = Release|Any CPU
		{1EC8AC7D-BF1D-40BC-9689-ABDB247E4EC8}.Release|Any CPU.Build.0 = Release|Any CPU
		{BA9DC607-1032-431B-80F6-9EE7F2D85CF2}.Debug|Any CPU.ActiveCfg = Debug|Any CPU
		{BA9DC607-1032-431B-80F6-9EE7F2D85CF2}.Debug|Any CPU.Build.0 = Debug|Any CPU
		{BA9DC607-1032-431B-80F6-9EE7F2D85CF2}.Release|Any CPU.ActiveCfg = Release|Any CPU
		{BA9DC607-1032-431B-80F6-9EE7F2D85CF2}.Release|Any CPU.Build.0 = Release|Any CPU
		{FBEFED91-F460-4AE0-B017-7D72BF9DB8D5}.Debug|Any CPU.ActiveCfg = Debug|Any CPU
		{FBEFED91-F460-4AE0-B017-7D72BF9DB8D5}.Debug|Any CPU.Build.0 = Debug|Any CPU
		{FBEFED91-F460-4AE0-B017-7D72BF9DB8D5}.Release|Any CPU.ActiveCfg = Release|Any CPU
		{FBEFED91-F460-4AE0-B017-7D72BF9DB8D5}.Release|Any CPU.Build.0 = Release|Any CPU
		{096F845D-5DC7-448F-8146-8A77A2140677}.Debug|Any CPU.ActiveCfg = Debug|Any CPU
		{096F845D-5DC7-448F-8146-8A77A2140677}.Debug|Any CPU.Build.0 = Debug|Any CPU
		{096F845D-5DC7-448F-8146-8A77A2140677}.Release|Any CPU.ActiveCfg = Release|Any CPU
		{096F845D-5DC7-448F-8146-8A77A2140677}.Release|Any CPU.Build.0 = Release|Any CPU
		{218F57F9-856A-4E97-88F7-4F513F203BCB}.Debug|Any CPU.ActiveCfg = Debug|Any CPU
		{218F57F9-856A-4E97-88F7-4F513F203BCB}.Debug|Any CPU.Build.0 = Debug|Any CPU
		{218F57F9-856A-4E97-88F7-4F513F203BCB}.Release|Any CPU.ActiveCfg = Release|Any CPU
		{218F57F9-856A-4E97-88F7-4F513F203BCB}.Release|Any CPU.Build.0 = Release|Any CPU
		{8C0F30AC-ED50-41C5-B9BE-3EB7D6026EEE}.Debug|Any CPU.ActiveCfg = Debug|Any CPU
		{8C0F30AC-ED50-41C5-B9BE-3EB7D6026EEE}.Debug|Any CPU.Build.0 = Debug|Any CPU
		{8C0F30AC-ED50-41C5-B9BE-3EB7D6026EEE}.Release|Any CPU.ActiveCfg = Release|Any CPU
		{8C0F30AC-ED50-41C5-B9BE-3EB7D6026EEE}.Release|Any CPU.Build.0 = Release|Any CPU
	EndGlobalSection
	GlobalSection(SolutionProperties) = preSolution
		HideSolutionNode = FALSE
	EndGlobalSection
	GlobalSection(ExtensibilityGlobals) = postSolution
		SolutionGuid = {960E1246-C730-4072-B4B5-7834A5F7BB08}
	EndGlobalSection
EndGlobal
