
Microsoft Visual Studio Solution File, Format Version 12.00
# Visual Studio Version 16
VisualStudioVersion = 16.0.29418.71
MinimumVisualStudioVersion = 10.0.40219.1
Project("{FAE04EC0-301F-11D3-BF4B-00C04F79EFBC}") = "Example", "Example\Example.csproj", "{17EF0492-AEFA-4B89-AC67-E29065507A71}"
EndProject
Project("{FAE04EC0-301F-11D3-BF4B-00C04F79EFBC}") = "Task1", "Task1\Task1.csproj", "{80CD2788-BA94-4717-BAF0-28EDCD85C29A}"
EndProject
Project("{FAE04EC0-301F-11D3-BF4B-00C04F79EFBC}") = "Task2", "Task2\Task2.csproj", "{0227D186-0A2A-42A8-9B3E-E2ADD5C3500F}"
EndProject
Global
	GlobalSection(SolutionConfigurationPlatforms) = preSolution
		Debug|Any CPU = Debug|Any CPU
		Release|Any CPU = Release|Any CPU
	EndGlobalSection
	GlobalSection(ProjectConfigurationPlatforms) = postSolution
		{17EF0492-AEFA-4B89-AC67-E29065507A71}.Debug|Any CPU.ActiveCfg = Debug|Any CPU
		{17EF0492-AEFA-4B89-AC67-E29065507A71}.Debug|Any CPU.Build.0 = Debug|Any CPU
		{17EF0492-AEFA-4B89-AC67-E29065507A71}.Release|Any CPU.ActiveCfg = Release|Any CPU
		{17EF0492-AEFA-4B89-AC67-E29065507A71}.Release|Any CPU.Build.0 = Release|Any CPU
		{80CD2788-BA94-4717-BAF0-28EDCD85C29A}.Debug|Any CPU.ActiveCfg = Debug|Any CPU
		{80CD2788-BA94-4717-BAF0-28EDCD85C29A}.Debug|Any CPU.Build.0 = Debug|Any CPU
		{80CD2788-BA94-4717-BAF0-28EDCD85C29A}.Release|Any CPU.ActiveCfg = Release|Any CPU
		{80CD2788-BA94-4717-BAF0-28EDCD85C29A}.Release|Any CPU.Build.0 = Release|Any CPU
		{0227D186-0A2A-42A8-9B3E-E2ADD5C3500F}.Debug|Any CPU.ActiveCfg = Debug|Any CPU
		{0227D186-0A2A-42A8-9B3E-E2ADD5C3500F}.Debug|Any CPU.Build.0 = Debug|Any CPU
		{0227D186-0A2A-42A8-9B3E-E2ADD5C3500F}.Release|Any CPU.ActiveCfg = Release|Any CPU
		{0227D186-0A2A-42A8-9B3E-E2ADD5C3500F}.Release|Any CPU.Build.0 = Release|Any CPU
	EndGlobalSection
	GlobalSection(SolutionProperties) = preSolution
		HideSolutionNode = FALSE
	EndGlobalSection
	GlobalSection(ExtensibilityGlobals) = postSolution
		SolutionGuid = {960E1246-C730-4072-B4B5-7834A5F7BB08}
	EndGlobalSection
EndGlobal
